
Microsoft Visual Studio Solution File, Format Version 12.00
# Visual Studio Version 16
VisualStudioVersion = 16.0.29123.88
MinimumVisualStudioVersion = 10.0.40219.1
Project("{FAE04EC0-301F-11D3-BF4B-00C04F79EFBC}") = "FIT5032_Project", "FIT5032_Project\FIT5032_Project.csproj", "{FF6412ED-B0F4-4935-862A-D7DE512A1AAF}"
EndProject
Global
	GlobalSection(SolutionConfigurationPlatforms) = preSolution
		Debug|Any CPU = Debug|Any CPU
		Release|Any CPU = Release|Any CPU
	EndGlobalSection
	GlobalSection(ProjectConfigurationPlatforms) = postSolution
		{FF6412ED-B0F4-4935-862A-D7DE512A1AAF}.Debug|Any CPU.ActiveCfg = Debug|Any CPU
		{FF6412ED-B0F4-4935-862A-D7DE512A1AAF}.Debug|Any CPU.Build.0 = Debug|Any CPU
		{FF6412ED-B0F4-4935-862A-D7DE512A1AAF}.Release|Any CPU.ActiveCfg = Release|Any CPU
		{FF6412ED-B0F4-4935-862A-D7DE512A1AAF}.Release|Any CPU.Build.0 = Release|Any CPU
	EndGlobalSection
	GlobalSection(SolutionProperties) = preSolution
		HideSolutionNode = FALSE
	EndGlobalSection
	GlobalSection(ExtensibilityGlobals) = postSolution
		SolutionGuid = {4994188F-F86B-4B7B-9564-7729C74E87B9}
	EndGlobalSection
EndGlobal
